
Microsoft Visual Studio Solution File, Format Version 12.00
# Visual Studio Version 16
VisualStudioVersion = 16.0.28701.123
MinimumVisualStudioVersion = 10.0.40219.1
Project("{FAE04EC0-301F-11D3-BF4B-00C04F79EFBC}") = "SKU Maker", "SKU Maker\SKU Maker.csproj", "{E93C2485-C2FA-4AE1-9D2F-BCB4F2D9C6AB}"
EndProject
Global
	GlobalSection(SolutionConfigurationPlatforms) = preSolution
		Debug|Any CPU = Debug|Any CPU
		Release|Any CPU = Release|Any CPU
	EndGlobalSection
	GlobalSection(ProjectConfigurationPlatforms) = postSolution
		{E93C2485-C2FA-4AE1-9D2F-BCB4F2D9C6AB}.Debug|Any CPU.ActiveCfg = Debug|Any CPU
		{E93C2485-C2FA-4AE1-9D2F-BCB4F2D9C6AB}.Debug|Any CPU.Build.0 = Debug|Any CPU
		{E93C2485-C2FA-4AE1-9D2F-BCB4F2D9C6AB}.Release|Any CPU.ActiveCfg = Release|Any CPU
		{E93C2485-C2FA-4AE1-9D2F-BCB4F2D9C6AB}.Release|Any CPU.Build.0 = Release|Any CPU
	EndGlobalSection
	GlobalSection(SolutionProperties) = preSolution
		HideSolutionNode = FALSE
	EndGlobalSection
	GlobalSection(ExtensibilityGlobals) = postSolution
		SolutionGuid = {4C0C36EF-68F9-4CA6-B3F4-E5ABEDEAD13E}
	EndGlobalSection
EndGlobal
